
Microsoft Visual Studio Solution File, Format Version 12.00
# Visual Studio 2012
Project("{FAE04EC0-301F-11D3-BF4B-00C04F79EFBC}") = "WPPerfLab.Common", "WPPerfLab.Common\WPPerfLab.Common.csproj", "{4C3C054D-C4B5-4D89-BEC7-4933663B3120}"
EndProject
Project("{FAE04EC0-301F-11D3-BF4B-00C04F79EFBC}") = "WPPerfLab.Samples", "WPPerfLab.Samples\WPPerfLab.Samples.csproj", "{7C9C9717-9D21-411F-A19A-6483B31453F0}"
EndProject
Project("{FAE04EC0-301F-11D3-BF4B-00C04F79EFBC}") = "WPPerfLab.Profiling", "WPPerfLab.Profiling\WPPerfLab.Profiling.csproj", "{80F39608-4591-4D58-A821-98595FA3571C}"
EndProject
Project("{FAE04EC0-301F-11D3-BF4B-00C04F79EFBC}") = "WPPerfLab.ImageSamples", "WPPerfLab.ImageSamples\WPPerfLab.ImageSamples.csproj", "{470398C0-62A5-4E76-93F5-25FF5FEDF600}"
EndProject
Global
	GlobalSection(SolutionConfigurationPlatforms) = preSolution
		Debug|Any CPU = Debug|Any CPU
		Debug|ARM = Debug|ARM
		Debug|x86 = Debug|x86
		Release|Any CPU = Release|Any CPU
		Release|ARM = Release|ARM
		Release|x86 = Release|x86
	EndGlobalSection
	GlobalSection(ProjectConfigurationPlatforms) = postSolution
		{4C3C054D-C4B5-4D89-BEC7-4933663B3120}.Debug|Any CPU.ActiveCfg = Debug|Any CPU
		{4C3C054D-C4B5-4D89-BEC7-4933663B3120}.Debug|Any CPU.Build.0 = Debug|Any CPU
		{4C3C054D-C4B5-4D89-BEC7-4933663B3120}.Debug|ARM.ActiveCfg = Debug|ARM
		{4C3C054D-C4B5-4D89-BEC7-4933663B3120}.Debug|ARM.Build.0 = Debug|ARM
		{4C3C054D-C4B5-4D89-BEC7-4933663B3120}.Debug|x86.ActiveCfg = Debug|x86
		{4C3C054D-C4B5-4D89-BEC7-4933663B3120}.Debug|x86.Build.0 = Debug|x86
		{4C3C054D-C4B5-4D89-BEC7-4933663B3120}.Release|Any CPU.ActiveCfg = Release|Any CPU
		{4C3C054D-C4B5-4D89-BEC7-4933663B3120}.Release|Any CPU.Build.0 = Release|Any CPU
		{4C3C054D-C4B5-4D89-BEC7-4933663B3120}.Release|ARM.ActiveCfg = Release|ARM
		{4C3C054D-C4B5-4D89-BEC7-4933663B3120}.Release|ARM.Build.0 = Release|ARM
		{4C3C054D-C4B5-4D89-BEC7-4933663B3120}.Release|x86.ActiveCfg = Release|x86
		{4C3C054D-C4B5-4D89-BEC7-4933663B3120}.Release|x86.Build.0 = Release|x86
		{7C9C9717-9D21-411F-A19A-6483B31453F0}.Debug|Any CPU.ActiveCfg = Debug|Any CPU
		{7C9C9717-9D21-411F-A19A-6483B31453F0}.Debug|Any CPU.Build.0 = Debug|Any CPU
		{7C9C9717-9D21-411F-A19A-6483B31453F0}.Debug|Any CPU.Deploy.0 = Debug|Any CPU
		{7C9C9717-9D21-411F-A19A-6483B31453F0}.Debug|ARM.ActiveCfg = Debug|ARM
		{7C9C9717-9D21-411F-A19A-6483B31453F0}.Debug|ARM.Build.0 = Debug|ARM
		{7C9C9717-9D21-411F-A19A-6483B31453F0}.Debug|ARM.Deploy.0 = Debug|ARM
		{7C9C9717-9D21-411F-A19A-6483B31453F0}.Debug|x86.ActiveCfg = Debug|x86
		{7C9C9717-9D21-411F-A19A-6483B31453F0}.Debug|x86.Build.0 = Debug|x86
		{7C9C9717-9D21-411F-A19A-6483B31453F0}.Debug|x86.Deploy.0 = Debug|x86
		{7C9C9717-9D21-411F-A19A-6483B31453F0}.Release|Any CPU.ActiveCfg = Release|Any CPU
		{7C9C9717-9D21-411F-A19A-6483B31453F0}.Release|Any CPU.Build.0 = Release|Any CPU
		{7C9C9717-9D21-411F-A19A-6483B31453F0}.Release|Any CPU.Deploy.0 = Release|Any CPU
		{7C9C9717-9D21-411F-A19A-6483B31453F0}.Release|ARM.ActiveCfg = Release|ARM
		{7C9C9717-9D21-411F-A19A-6483B31453F0}.Release|ARM.Build.0 = Release|ARM
		{7C9C9717-9D21-411F-A19A-6483B31453F0}.Release|ARM.Deploy.0 = Release|ARM
		{7C9C9717-9D21-411F-A19A-6483B31453F0}.Release|x86.ActiveCfg = Release|x86
		{7C9C9717-9D21-411F-A19A-6483B31453F0}.Release|x86.Build.0 = Release|x86
		{7C9C9717-9D21-411F-A19A-6483B31453F0}.Release|x86.Deploy.0 = Release|x86
		{80F39608-4591-4D58-A821-98595FA3571C}.Debug|Any CPU.ActiveCfg = Debug|Any CPU
		{80F39608-4591-4D58-A821-98595FA3571C}.Debug|Any CPU.Build.0 = Debug|Any CPU
		{80F39608-4591-4D58-A821-98595FA3571C}.Debug|ARM.ActiveCfg = Debug|ARM
		{80F39608-4591-4D58-A821-98595FA3571C}.Debug|ARM.Build.0 = Debug|ARM
		{80F39608-4591-4D58-A821-98595FA3571C}.Debug|x86.ActiveCfg = Debug|x86
		{80F39608-4591-4D58-A821-98595FA3571C}.Debug|x86.Build.0 = Debug|x86
		{80F39608-4591-4D58-A821-98595FA3571C}.Release|Any CPU.ActiveCfg = Release|Any CPU
		{80F39608-4591-4D58-A821-98595FA3571C}.Release|Any CPU.Build.0 = Release|Any CPU
		{80F39608-4591-4D58-A821-98595FA3571C}.Release|ARM.ActiveCfg = Release|ARM
		{80F39608-4591-4D58-A821-98595FA3571C}.Release|ARM.Build.0 = Release|ARM
		{80F39608-4591-4D58-A821-98595FA3571C}.Release|x86.ActiveCfg = Release|x86
		{80F39608-4591-4D58-A821-98595FA3571C}.Release|x86.Build.0 = Release|x86
		{470398C0-62A5-4E76-93F5-25FF5FEDF600}.Debug|Any CPU.ActiveCfg = Debug|Any CPU
		{470398C0-62A5-4E76-93F5-25FF5FEDF600}.Debug|Any CPU.Build.0 = Debug|Any CPU
		{470398C0-62A5-4E76-93F5-25FF5FEDF600}.Debug|Any CPU.Deploy.0 = Debug|Any CPU
		{470398C0-62A5-4E76-93F5-25FF5FEDF600}.Debug|ARM.ActiveCfg = Debug|ARM
		{470398C0-62A5-4E76-93F5-25FF5FEDF600}.Debug|ARM.Build.0 = Debug|ARM
		{470398C0-62A5-4E76-93F5-25FF5FEDF600}.Debug|ARM.Deploy.0 = Debug|ARM
		{470398C0-62A5-4E76-93F5-25FF5FEDF600}.Debug|x86.ActiveCfg = Debug|x86
		{470398C0-62A5-4E76-93F5-25FF5FEDF600}.Debug|x86.Build.0 = Debug|x86
		{470398C0-62A5-4E76-93F5-25FF5FEDF600}.Debug|x86.Deploy.0 = Debug|x86
		{470398C0-62A5-4E76-93F5-25FF5FEDF600}.Release|Any CPU.ActiveCfg = Release|Any CPU
		{470398C0-62A5-4E76-93F5-25FF5FEDF600}.Release|Any CPU.Build.0 = Release|Any CPU
		{470398C0-62A5-4E76-93F5-25FF5FEDF600}.Release|Any CPU.Deploy.0 = Release|Any CPU
		{470398C0-62A5-4E76-93F5-25FF5FEDF600}.Release|ARM.ActiveCfg = Release|ARM
		{470398C0-62A5-4E76-93F5-25FF5FEDF600}.Release|ARM.Build.0 = Release|ARM
		{470398C0-62A5-4E76-93F5-25FF5FEDF600}.Release|ARM.Deploy.0 = Release|ARM
		{470398C0-62A5-4E76-93F5-25FF5FEDF600}.Release|x86.ActiveCfg = Release|x86
		{470398C0-62A5-4E76-93F5-25FF5FEDF600}.Release|x86.Build.0 = Release|x86
		{470398C0-62A5-4E76-93F5-25FF5FEDF600}.Release|x86.Deploy.0 = Release|x86
	EndGlobalSection
	GlobalSection(SolutionProperties) = preSolution
		HideSolutionNode = FALSE
	EndGlobalSection
EndGlobal
